
Microsoft Visual Studio Solution File, Format Version 12.00
# Visual Studio Version 17
VisualStudioVersion = 17.0.31912.275
MinimumVisualStudioVersion = 10.0.40219.1
Project("{9A19103F-16F7-4668-BE54-9A1E7A4F7556}") = "MegMeetDemo", "MegMeetDemo\MegMeetDemo.csproj", "{82F6A567-F8C3-4B2F-80DB-3EDB31910AE8}"
EndProject
Project("{9A19103F-16F7-4668-BE54-9A1E7A4F7556}") = "ModbusDemo", "ModbusDemo\ModbusDemo.csproj", "{F550E427-6EC5-4D3A-A891-C157FFBAD6D1}"
EndProject
Project("{9A19103F-16F7-4668-BE54-9A1E7A4F7556}") = "MIDInterpreterDemo", "MIDInterpreterDemo\MIDInterpreterDemo.csproj", "{07553DBF-3165-4868-96ED-13057387190F}"
EndProject
Project("{9A19103F-16F7-4668-BE54-9A1E7A4F7556}") = "SpectreConsoleDemo", "SpectreConsoleDemo\SpectreConsoleDemo.csproj", "{C6C64809-7A4E-4D1D-B47B-9C3B051758B1}"
EndProject
Project("{9A19103F-16F7-4668-BE54-9A1E7A4F7556}") = "SocketClientDemo", "SocketClientDemo\SocketClientDemo.csproj", "{25EA43E3-8062-44D2-A582-7E3C63AF8DA2}"
EndProject
Project("{9A19103F-16F7-4668-BE54-9A1E7A4F7556}") = "MqttDemo", "MqttDemo\MqttDemo.csproj", "{679F2B49-8672-4368-BD1E-B14C0FE316B2}"
EndProject
Project("{9A19103F-16F7-4668-BE54-9A1E7A4F7556}") = "OpcDemo", "OpcDemo\OpcDemo.csproj", "{BDCC1A05-8CB2-4CC9-A463-1C38A6E87330}"
EndProject
Project("{9A19103F-16F7-4668-BE54-9A1E7A4F7556}") = "HttpServerDemo", "HttpServerDemo\HttpServerDemo.csproj", "{E983E786-6CFD-4973-9062-34B53AAA03C3}"
EndProject
Project("{9A19103F-16F7-4668-BE54-9A1E7A4F7556}") = "x64opcda", "x64opcda\x64opcda.csproj", "{D83D407A-D95A-4BFA-A73B-E3584CE3B438}"
EndProject
Project("{9A19103F-16F7-4668-BE54-9A1E7A4F7556}") = "ScriptDemo", "ScriptDemo\ScriptDemo.csproj", "{FAFD4685-82DB-4F74-A8E6-29F30B4C0BC3}"
EndProject
Project("{9A19103F-16F7-4668-BE54-9A1E7A4F7556}") = "SygoleDemo", "SygoleDemo\SygoleDemo.csproj", "{D4C008EB-DEBB-4F98-8344-5FCD1C6C9F76}"
EndProject
Project("{9A19103F-16F7-4668-BE54-9A1E7A4F7556}") = "X509Demo", "X509Demo\X509Demo.csproj", "{2B847204-F03B-4533-8D3D-4B8C46FF8AB5}"
EndProject
Project("{FAE04EC0-301F-11D3-BF4B-00C04F79EFBC}") = "HJ212-2017Demo", "HJ212-2017Demo\HJ212-2017Demo.csproj", "{A1FA2310-BD0D-49CE-9E66-D839004D70BF}"
EndProject
Global
	GlobalSection(SolutionConfigurationPlatforms) = preSolution
		Debug|Any CPU = Debug|Any CPU
		Debug|x86 = Debug|x86
		Release|Any CPU = Release|Any CPU
		Release|x86 = Release|x86
	EndGlobalSection
	GlobalSection(ProjectConfigurationPlatforms) = postSolution
		{82F6A567-F8C3-4B2F-80DB-3EDB31910AE8}.Debug|Any CPU.ActiveCfg = Debug|Any CPU
		{82F6A567-F8C3-4B2F-80DB-3EDB31910AE8}.Debug|Any CPU.Build.0 = Debug|Any CPU
		{82F6A567-F8C3-4B2F-80DB-3EDB31910AE8}.Debug|x86.ActiveCfg = Debug|x86
		{82F6A567-F8C3-4B2F-80DB-3EDB31910AE8}.Debug|x86.Build.0 = Debug|x86
		{82F6A567-F8C3-4B2F-80DB-3EDB31910AE8}.Release|Any CPU.ActiveCfg = Release|Any CPU
		{82F6A567-F8C3-4B2F-80DB-3EDB31910AE8}.Release|Any CPU.Build.0 = Release|Any CPU
		{82F6A567-F8C3-4B2F-80DB-3EDB31910AE8}.Release|x86.ActiveCfg = Release|x86
		{82F6A567-F8C3-4B2F-80DB-3EDB31910AE8}.Release|x86.Build.0 = Release|x86
		{F550E427-6EC5-4D3A-A891-C157FFBAD6D1}.Debug|Any CPU.ActiveCfg = Debug|Any CPU
		{F550E427-6EC5-4D3A-A891-C157FFBAD6D1}.Debug|Any CPU.Build.0 = Debug|Any CPU
		{F550E427-6EC5-4D3A-A891-C157FFBAD6D1}.Debug|x86.ActiveCfg = Debug|x86
		{F550E427-6EC5-4D3A-A891-C157FFBAD6D1}.Debug|x86.Build.0 = Debug|x86
		{F550E427-6EC5-4D3A-A891-C157FFBAD6D1}.Release|Any CPU.ActiveCfg = Release|Any CPU
		{F550E427-6EC5-4D3A-A891-C157FFBAD6D1}.Release|Any CPU.Build.0 = Release|Any CPU
		{F550E427-6EC5-4D3A-A891-C157FFBAD6D1}.Release|x86.ActiveCfg = Release|x86
		{F550E427-6EC5-4D3A-A891-C157FFBAD6D1}.Release|x86.Build.0 = Release|x86
		{07553DBF-3165-4868-96ED-13057387190F}.Debug|Any CPU.ActiveCfg = Debug|Any CPU
		{07553DBF-3165-4868-96ED-13057387190F}.Debug|Any CPU.Build.0 = Debug|Any CPU
		{07553DBF-3165-4868-96ED-13057387190F}.Debug|x86.ActiveCfg = Debug|x86
		{07553DBF-3165-4868-96ED-13057387190F}.Debug|x86.Build.0 = Debug|x86
		{07553DBF-3165-4868-96ED-13057387190F}.Release|Any CPU.ActiveCfg = Release|Any CPU
		{07553DBF-3165-4868-96ED-13057387190F}.Release|Any CPU.Build.0 = Release|Any CPU
		{07553DBF-3165-4868-96ED-13057387190F}.Release|x86.ActiveCfg = Release|x86
		{07553DBF-3165-4868-96ED-13057387190F}.Release|x86.Build.0 = Release|x86
		{C6C64809-7A4E-4D1D-B47B-9C3B051758B1}.Debug|Any CPU.ActiveCfg = Debug|Any CPU
		{C6C64809-7A4E-4D1D-B47B-9C3B051758B1}.Debug|Any CPU.Build.0 = Debug|Any CPU
		{C6C64809-7A4E-4D1D-B47B-9C3B051758B1}.Debug|x86.ActiveCfg = Debug|x86
		{C6C64809-7A4E-4D1D-B47B-9C3B051758B1}.Debug|x86.Build.0 = Debug|x86
		{C6C64809-7A4E-4D1D-B47B-9C3B051758B1}.Release|Any CPU.ActiveCfg = Release|Any CPU
		{C6C64809-7A4E-4D1D-B47B-9C3B051758B1}.Release|Any CPU.Build.0 = Release|Any CPU
		{C6C64809-7A4E-4D1D-B47B-9C3B051758B1}.Release|x86.ActiveCfg = Release|x86
		{C6C64809-7A4E-4D1D-B47B-9C3B051758B1}.Release|x86.Build.0 = Release|x86
		{25EA43E3-8062-44D2-A582-7E3C63AF8DA2}.Debug|Any CPU.ActiveCfg = Debug|Any CPU
		{25EA43E3-8062-44D2-A582-7E3C63AF8DA2}.Debug|Any CPU.Build.0 = Debug|Any CPU
		{25EA43E3-8062-44D2-A582-7E3C63AF8DA2}.Debug|x86.ActiveCfg = Debug|x86
		{25EA43E3-8062-44D2-A582-7E3C63AF8DA2}.Debug|x86.Build.0 = Debug|x86
		{25EA43E3-8062-44D2-A582-7E3C63AF8DA2}.Release|Any CPU.ActiveCfg = Release|Any CPU
		{25EA43E3-8062-44D2-A582-7E3C63AF8DA2}.Release|Any CPU.Build.0 = Release|Any CPU
		{25EA43E3-8062-44D2-A582-7E3C63AF8DA2}.Release|x86.ActiveCfg = Release|x86
		{25EA43E3-8062-44D2-A582-7E3C63AF8DA2}.Release|x86.Build.0 = Release|x86
		{679F2B49-8672-4368-BD1E-B14C0FE316B2}.Debug|Any CPU.ActiveCfg = Debug|Any CPU
		{679F2B49-8672-4368-BD1E-B14C0FE316B2}.Debug|Any CPU.Build.0 = Debug|Any CPU
		{679F2B49-8672-4368-BD1E-B14C0FE316B2}.Debug|x86.ActiveCfg = Debug|x86
		{679F2B49-8672-4368-BD1E-B14C0FE316B2}.Debug|x86.Build.0 = Debug|x86
		{679F2B49-8672-4368-BD1E-B14C0FE316B2}.Release|Any CPU.ActiveCfg = Release|Any CPU
		{679F2B49-8672-4368-BD1E-B14C0FE316B2}.Release|Any CPU.Build.0 = Release|Any CPU
		{679F2B49-8672-4368-BD1E-B14C0FE316B2}.Release|x86.ActiveCfg = Release|x86
		{679F2B49-8672-4368-BD1E-B14C0FE316B2}.Release|x86.Build.0 = Release|x86
		{BDCC1A05-8CB2-4CC9-A463-1C38A6E87330}.Debug|Any CPU.ActiveCfg = Debug|Any CPU
		{BDCC1A05-8CB2-4CC9-A463-1C38A6E87330}.Debug|Any CPU.Build.0 = Debug|Any CPU
		{BDCC1A05-8CB2-4CC9-A463-1C38A6E87330}.Debug|x86.ActiveCfg = Debug|x86
		{BDCC1A05-8CB2-4CC9-A463-1C38A6E87330}.Debug|x86.Build.0 = Debug|x86
		{BDCC1A05-8CB2-4CC9-A463-1C38A6E87330}.Release|Any CPU.ActiveCfg = Release|Any CPU
		{BDCC1A05-8CB2-4CC9-A463-1C38A6E87330}.Release|Any CPU.Build.0 = Release|Any CPU
		{BDCC1A05-8CB2-4CC9-A463-1C38A6E87330}.Release|x86.ActiveCfg = Release|x86
		{BDCC1A05-8CB2-4CC9-A463-1C38A6E87330}.Release|x86.Build.0 = Release|x86
		{E983E786-6CFD-4973-9062-34B53AAA03C3}.Debug|Any CPU.ActiveCfg = Debug|Any CPU
		{E983E786-6CFD-4973-9062-34B53AAA03C3}.Debug|Any CPU.Build.0 = Debug|Any CPU
		{E983E786-6CFD-4973-9062-34B53AAA03C3}.Debug|x86.ActiveCfg = Debug|Any CPU
		{E983E786-6CFD-4973-9062-34B53AAA03C3}.Debug|x86.Build.0 = Debug|Any CPU
		{E983E786-6CFD-4973-9062-34B53AAA03C3}.Release|Any CPU.ActiveCfg = Release|Any CPU
		{E983E786-6CFD-4973-9062-34B53AAA03C3}.Release|Any CPU.Build.0 = Release|Any CPU
		{E983E786-6CFD-4973-9062-34B53AAA03C3}.Release|x86.ActiveCfg = Release|Any CPU
		{E983E786-6CFD-4973-9062-34B53AAA03C3}.Release|x86.Build.0 = Release|Any CPU
		{D83D407A-D95A-4BFA-A73B-E3584CE3B438}.Debug|Any CPU.ActiveCfg = Debug|Any CPU
		{D83D407A-D95A-4BFA-A73B-E3584CE3B438}.Debug|Any CPU.Build.0 = Debug|Any CPU
		{D83D407A-D95A-4BFA-A73B-E3584CE3B438}.Debug|x86.ActiveCfg = Debug|Any CPU
		{D83D407A-D95A-4BFA-A73B-E3584CE3B438}.Debug|x86.Build.0 = Debug|Any CPU
		{D83D407A-D95A-4BFA-A73B-E3584CE3B438}.Release|Any CPU.ActiveCfg = Release|Any CPU
		{D83D407A-D95A-4BFA-A73B-E3584CE3B438}.Release|Any CPU.Build.0 = Release|Any CPU
		{D83D407A-D95A-4BFA-A73B-E3584CE3B438}.Release|x86.ActiveCfg = Release|Any CPU
		{D83D407A-D95A-4BFA-A73B-E3584CE3B438}.Release|x86.Build.0 = Release|Any CPU
		{FAFD4685-82DB-4F74-A8E6-29F30B4C0BC3}.Debug|Any CPU.ActiveCfg = Debug|Any CPU
		{FAFD4685-82DB-4F74-A8E6-29F30B4C0BC3}.Debug|Any CPU.Build.0 = Debug|Any CPU
		{FAFD4685-82DB-4F74-A8E6-29F30B4C0BC3}.Debug|x86.ActiveCfg = Debug|Any CPU
		{FAFD4685-82DB-4F74-A8E6-29F30B4C0BC3}.Debug|x86.Build.0 = Debug|Any CPU
		{FAFD4685-82DB-4F74-A8E6-29F30B4C0BC3}.Release|Any CPU.ActiveCfg = Release|Any CPU
		{FAFD4685-82DB-4F74-A8E6-29F30B4C0BC3}.Release|Any CPU.Build.0 = Release|Any CPU
		{FAFD4685-82DB-4F74-A8E6-29F30B4C0BC3}.Release|x86.ActiveCfg = Release|Any CPU
		{FAFD4685-82DB-4F74-A8E6-29F30B4C0BC3}.Release|x86.Build.0 = Release|Any CPU
		{D4C008EB-DEBB-4F98-8344-5FCD1C6C9F76}.Debug|Any CPU.ActiveCfg = Debug|Any CPU
		{D4C008EB-DEBB-4F98-8344-5FCD1C6C9F76}.Debug|Any CPU.Build.0 = Debug|Any CPU
		{D4C008EB-DEBB-4F98-8344-5FCD1C6C9F76}.Debug|x86.ActiveCfg = Debug|Any CPU
		{D4C008EB-DEBB-4F98-8344-5FCD1C6C9F76}.Debug|x86.Build.0 = Debug|Any CPU
		{D4C008EB-DEBB-4F98-8344-5FCD1C6C9F76}.Release|Any CPU.ActiveCfg = Release|Any CPU
		{D4C008EB-DEBB-4F98-8344-5FCD1C6C9F76}.Release|Any CPU.Build.0 = Release|Any CPU
		{D4C008EB-DEBB-4F98-8344-5FCD1C6C9F76}.Release|x86.ActiveCfg = Release|Any CPU
		{D4C008EB-DEBB-4F98-8344-5FCD1C6C9F76}.Release|x86.Build.0 = Release|Any CPU
		{2B847204-F03B-4533-8D3D-4B8C46FF8AB5}.Debug|Any CPU.ActiveCfg = Debug|Any CPU
		{2B847204-F03B-4533-8D3D-4B8C46FF8AB5}.Debug|Any CPU.Build.0 = Debug|Any CPU
		{2B847204-F03B-4533-8D3D-4B8C46FF8AB5}.Debug|x86.ActiveCfg = Debug|Any CPU
		{2B847204-F03B-4533-8D3D-4B8C46FF8AB5}.Debug|x86.Build.0 = Debug|Any CPU
		{2B847204-F03B-4533-8D3D-4B8C46FF8AB5}.Release|Any CPU.ActiveCfg = Release|Any CPU
		{2B847204-F03B-4533-8D3D-4B8C46FF8AB5}.Release|Any CPU.Build.0 = Release|Any CPU
		{2B847204-F03B-4533-8D3D-4B8C46FF8AB5}.Release|x86.ActiveCfg = Release|Any CPU
		{2B847204-F03B-4533-8D3D-4B8C46FF8AB5}.Release|x86.Build.0 = Release|Any CPU
		{A1FA2310-BD0D-49CE-9E66-D839004D70BF}.Debug|Any CPU.ActiveCfg = Debug|Any CPU
		{A1FA2310-BD0D-49CE-9E66-D839004D70BF}.Debug|Any CPU.Build.0 = Debug|Any CPU
		{A1FA2310-BD0D-49CE-9E66-D839004D70BF}.Debug|x86.ActiveCfg = Debug|Any CPU
		{A1FA2310-BD0D-49CE-9E66-D839004D70BF}.Debug|x86.Build.0 = Debug|Any CPU
		{A1FA2310-BD0D-49CE-9E66-D839004D70BF}.Release|Any CPU.ActiveCfg = Release|Any CPU
		{A1FA2310-BD0D-49CE-9E66-D839004D70BF}.Release|Any CPU.Build.0 = Release|Any CPU
		{A1FA2310-BD0D-49CE-9E66-D839004D70BF}.Release|x86.ActiveCfg = Release|Any CPU
		{A1FA2310-BD0D-49CE-9E66-D839004D70BF}.Release|x86.Build.0 = Release|Any CPU
	EndGlobalSection
	GlobalSection(SolutionProperties) = preSolution
		HideSolutionNode = FALSE
	EndGlobalSection
	GlobalSection(ExtensibilityGlobals) = postSolution
		SolutionGuid = {F5997329-1C08-4852-8DA3-53BC0BCD0AB5}
	EndGlobalSection
EndGlobal
