
Microsoft Visual Studio Solution File, Format Version 12.00
# Visual Studio Version 17
VisualStudioVersion = 17.0.31912.275
MinimumVisualStudioVersion = 10.0.40219.1
Project("{9A19103F-16F7-4668-BE54-9A1E7A4F7556}") = "MegMeetDemo", "MegMeetDemo\MegMeetDemo.csproj", "{82F6A567-F8C3-4B2F-80DB-3EDB31910AE8}"
EndProject
Project("{9A19103F-16F7-4668-BE54-9A1E7A4F7556}") = "OpcDemo", "OpcDemo\OpcDemo.csproj", "{F81044B5-D32B-4571-A3FC-5C80F931DA91}"
EndProject
Project("{9A19103F-16F7-4668-BE54-9A1E7A4F7556}") = "ModbusDemo", "ModbusDemo\ModbusDemo.csproj", "{F550E427-6EC5-4D3A-A891-C157FFBAD6D1}"
EndProject
Project("{FAE04EC0-301F-11D3-BF4B-00C04F79EFBC}") = "MIDInterpreterDemo", "MIDInterpreterDemo\MIDInterpreterDemo.csproj", "{07553DBF-3165-4868-96ED-13057387190F}"
EndProject
Global
	GlobalSection(SolutionConfigurationPlatforms) = preSolution
		Debug|Any CPU = Debug|Any CPU
		Debug|x86 = Debug|x86
		Release|Any CPU = Release|Any CPU
		Release|x86 = Release|x86
	EndGlobalSection
	GlobalSection(ProjectConfigurationPlatforms) = postSolution
		{82F6A567-F8C3-4B2F-80DB-3EDB31910AE8}.Debug|Any CPU.ActiveCfg = Debug|Any CPU
		{82F6A567-F8C3-4B2F-80DB-3EDB31910AE8}.Debug|Any CPU.Build.0 = Debug|Any CPU
		{82F6A567-F8C3-4B2F-80DB-3EDB31910AE8}.Debug|x86.ActiveCfg = Debug|Any CPU
		{82F6A567-F8C3-4B2F-80DB-3EDB31910AE8}.Debug|x86.Build.0 = Debug|Any CPU
		{82F6A567-F8C3-4B2F-80DB-3EDB31910AE8}.Release|Any CPU.ActiveCfg = Release|Any CPU
		{82F6A567-F8C3-4B2F-80DB-3EDB31910AE8}.Release|Any CPU.Build.0 = Release|Any CPU
		{82F6A567-F8C3-4B2F-80DB-3EDB31910AE8}.Release|x86.ActiveCfg = Release|Any CPU
		{82F6A567-F8C3-4B2F-80DB-3EDB31910AE8}.Release|x86.Build.0 = Release|Any CPU
		{F81044B5-D32B-4571-A3FC-5C80F931DA91}.Debug|Any CPU.ActiveCfg = Debug|Any CPU
		{F81044B5-D32B-4571-A3FC-5C80F931DA91}.Debug|Any CPU.Build.0 = Debug|Any CPU
		{F81044B5-D32B-4571-A3FC-5C80F931DA91}.Debug|x86.ActiveCfg = Debug|x86
		{F81044B5-D32B-4571-A3FC-5C80F931DA91}.Debug|x86.Build.0 = Debug|x86
		{F81044B5-D32B-4571-A3FC-5C80F931DA91}.Release|Any CPU.ActiveCfg = Release|Any CPU
		{F81044B5-D32B-4571-A3FC-5C80F931DA91}.Release|Any CPU.Build.0 = Release|Any CPU
		{F81044B5-D32B-4571-A3FC-5C80F931DA91}.Release|x86.ActiveCfg = Release|x86
		{F81044B5-D32B-4571-A3FC-5C80F931DA91}.Release|x86.Build.0 = Release|x86
		{F550E427-6EC5-4D3A-A891-C157FFBAD6D1}.Debug|Any CPU.ActiveCfg = Debug|Any CPU
		{F550E427-6EC5-4D3A-A891-C157FFBAD6D1}.Debug|Any CPU.Build.0 = Debug|Any CPU
		{F550E427-6EC5-4D3A-A891-C157FFBAD6D1}.Debug|x86.ActiveCfg = Debug|Any CPU
		{F550E427-6EC5-4D3A-A891-C157FFBAD6D1}.Debug|x86.Build.0 = Debug|Any CPU
		{F550E427-6EC5-4D3A-A891-C157FFBAD6D1}.Release|Any CPU.ActiveCfg = Release|Any CPU
		{F550E427-6EC5-4D3A-A891-C157FFBAD6D1}.Release|Any CPU.Build.0 = Release|Any CPU
		{F550E427-6EC5-4D3A-A891-C157FFBAD6D1}.Release|x86.ActiveCfg = Release|Any CPU
		{F550E427-6EC5-4D3A-A891-C157FFBAD6D1}.Release|x86.Build.0 = Release|Any CPU
		{07553DBF-3165-4868-96ED-13057387190F}.Debug|Any CPU.ActiveCfg = Debug|Any CPU
		{07553DBF-3165-4868-96ED-13057387190F}.Debug|Any CPU.Build.0 = Debug|Any CPU
		{07553DBF-3165-4868-96ED-13057387190F}.Debug|x86.ActiveCfg = Debug|Any CPU
		{07553DBF-3165-4868-96ED-13057387190F}.Debug|x86.Build.0 = Debug|Any CPU
		{07553DBF-3165-4868-96ED-13057387190F}.Release|Any CPU.ActiveCfg = Release|Any CPU
		{07553DBF-3165-4868-96ED-13057387190F}.Release|Any CPU.Build.0 = Release|Any CPU
		{07553DBF-3165-4868-96ED-13057387190F}.Release|x86.ActiveCfg = Release|Any CPU
		{07553DBF-3165-4868-96ED-13057387190F}.Release|x86.Build.0 = Release|Any CPU
	EndGlobalSection
	GlobalSection(SolutionProperties) = preSolution
		HideSolutionNode = FALSE
	EndGlobalSection
	GlobalSection(ExtensibilityGlobals) = postSolution
		SolutionGuid = {F5997329-1C08-4852-8DA3-53BC0BCD0AB5}
	EndGlobalSection
EndGlobal
